
Microsoft Visual Studio Solution File, Format Version 12.00
# Visual Studio Version 16
VisualStudioVersion = 16.0.28822.285
MinimumVisualStudioVersion = 10.0.40219.1
Project("{9A19103F-16F7-4668-BE54-9A1E7A4F7556}") = "DDConsoleApp1", "DDConsoleApp1\DDConsoleApp1.csproj", "{55D27016-21B0-4FBB-B3BD-04AC9888AAF4}"
EndProject
Project("{9A19103F-16F7-4668-BE54-9A1E7A4F7556}") = "DDClassLibrary1", "DDClassLibrary1\DDClassLibrary1.csproj", "{EE73B85A-2830-45F7-9F46-45DF85A83ACB}"
EndProject
Project("{9A19103F-16F7-4668-BE54-9A1E7A4F7556}") = "DDWpfCoreApp1", "DDWpfCoreApp1\DDWpfCoreApp1.csproj", "{8696F230-F2BB-497C-BC93-DC015D81CD5D}"
EndProject
Project("{9A19103F-16F7-4668-BE54-9A1E7A4F7556}") = "DDWinFormCoreApp1", "DDWinFormCoreApp1\DDWinFormCoreApp1.csproj", "{9F801845-ED34-482D-B30F-DB88F301DFE1}"
EndProject
Project("{9A19103F-16F7-4668-BE54-9A1E7A4F7556}") = "DDFunctionApp1", "DDFunctionApp1\DDFunctionApp1.csproj", "{36BE95AF-1169-4674-9175-ABAC64883D4C}"
EndProject
Project("{9A19103F-16F7-4668-BE54-9A1E7A4F7556}") = "DDAspNetCoreApp1", "DDAspNetCoreApp1\DDAspNetCoreApp1.csproj", "{81DBCFBF-6C53-43CC-9345-A8E0008FE21E}"
EndProject
Project("{FAE04EC0-301F-11D3-BF4B-00C04F79EFBC}") = "DDXfApp1.UWP", "DDXfApp1\DDXfApp1.UWP\DDXfApp1.UWP.csproj", "{4B53B3C3-10B6-4E4B-ABD0-83F1EE5550C6}"
EndProject
Project("{FAE04EC0-301F-11D3-BF4B-00C04F79EFBC}") = "DDXfApp1.Android", "DDXfApp1\DDXfApp1.Android\DDXfApp1.Android.csproj", "{42ED2C65-B533-40A1-BDC9-77440A7B4433}"
EndProject
Project("{FAE04EC0-301F-11D3-BF4B-00C04F79EFBC}") = "DDXfApp1.iOS", "DDXfApp1\DDXfApp1.iOS\DDXfApp1.iOS.csproj", "{A7E897D6-73A6-4FB4-908A-05A0DD505104}"
EndProject
Project("{9A19103F-16F7-4668-BE54-9A1E7A4F7556}") = "DDXfApp1", "DDXfApp1\DDXfApp1\DDXfApp1.csproj", "{5D22D76F-DB97-4563-9BF5-E278C311BEBC}"
EndProject
Project("{FAE04EC0-301F-11D3-BF4B-00C04F79EFBC}") = "DDUWPApp1", "DDUWPApp1\DDUWPApp1.csproj", "{3E0BC677-E671-488A-B025-4E53FA4D5B01}"
EndProject
Global
	GlobalSection(SolutionConfigurationPlatforms) = preSolution
		Debug|Any CPU = Debug|Any CPU
		Debug|ARM = Debug|ARM
		Debug|ARM64 = Debug|ARM64
		Debug|iPhone = Debug|iPhone
		Debug|iPhoneSimulator = Debug|iPhoneSimulator
		Debug|x64 = Debug|x64
		Debug|x86 = Debug|x86
		Release|Any CPU = Release|Any CPU
		Release|ARM = Release|ARM
		Release|ARM64 = Release|ARM64
		Release|iPhone = Release|iPhone
		Release|iPhoneSimulator = Release|iPhoneSimulator
		Release|x64 = Release|x64
		Release|x86 = Release|x86
	EndGlobalSection
	GlobalSection(ProjectConfigurationPlatforms) = postSolution
		{55D27016-21B0-4FBB-B3BD-04AC9888AAF4}.Debug|Any CPU.ActiveCfg = Debug|Any CPU
		{55D27016-21B0-4FBB-B3BD-04AC9888AAF4}.Debug|Any CPU.Build.0 = Debug|Any CPU
		{55D27016-21B0-4FBB-B3BD-04AC9888AAF4}.Debug|ARM.ActiveCfg = Debug|Any CPU
		{55D27016-21B0-4FBB-B3BD-04AC9888AAF4}.Debug|ARM.Build.0 = Debug|Any CPU
		{55D27016-21B0-4FBB-B3BD-04AC9888AAF4}.Debug|ARM64.ActiveCfg = Debug|Any CPU
		{55D27016-21B0-4FBB-B3BD-04AC9888AAF4}.Debug|ARM64.Build.0 = Debug|Any CPU
		{55D27016-21B0-4FBB-B3BD-04AC9888AAF4}.Debug|iPhone.ActiveCfg = Debug|Any CPU
		{55D27016-21B0-4FBB-B3BD-04AC9888AAF4}.Debug|iPhone.Build.0 = Debug|Any CPU
		{55D27016-21B0-4FBB-B3BD-04AC9888AAF4}.Debug|iPhoneSimulator.ActiveCfg = Debug|Any CPU
		{55D27016-21B0-4FBB-B3BD-04AC9888AAF4}.Debug|iPhoneSimulator.Build.0 = Debug|Any CPU
		{55D27016-21B0-4FBB-B3BD-04AC9888AAF4}.Debug|x64.ActiveCfg = Debug|Any CPU
		{55D27016-21B0-4FBB-B3BD-04AC9888AAF4}.Debug|x64.Build.0 = Debug|Any CPU
		{55D27016-21B0-4FBB-B3BD-04AC9888AAF4}.Debug|x86.ActiveCfg = Debug|Any CPU
		{55D27016-21B0-4FBB-B3BD-04AC9888AAF4}.Debug|x86.Build.0 = Debug|Any CPU
		{55D27016-21B0-4FBB-B3BD-04AC9888AAF4}.Release|Any CPU.ActiveCfg = Release|Any CPU
		{55D27016-21B0-4FBB-B3BD-04AC9888AAF4}.Release|Any CPU.Build.0 = Release|Any CPU
		{55D27016-21B0-4FBB-B3BD-04AC9888AAF4}.Release|ARM.ActiveCfg = Release|Any CPU
		{55D27016-21B0-4FBB-B3BD-04AC9888AAF4}.Release|ARM.Build.0 = Release|Any CPU
		{55D27016-21B0-4FBB-B3BD-04AC9888AAF4}.Release|ARM64.ActiveCfg = Release|Any CPU
		{55D27016-21B0-4FBB-B3BD-04AC9888AAF4}.Release|ARM64.Build.0 = Release|Any CPU
		{55D27016-21B0-4FBB-B3BD-04AC9888AAF4}.Release|iPhone.ActiveCfg = Release|Any CPU
		{55D27016-21B0-4FBB-B3BD-04AC9888AAF4}.Release|iPhone.Build.0 = Release|Any CPU
		{55D27016-21B0-4FBB-B3BD-04AC9888AAF4}.Release|iPhoneSimulator.ActiveCfg = Release|Any CPU
		{55D27016-21B0-4FBB-B3BD-04AC9888AAF4}.Release|iPhoneSimulator.Build.0 = Release|Any CPU
		{55D27016-21B0-4FBB-B3BD-04AC9888AAF4}.Release|x64.ActiveCfg = Release|Any CPU
		{55D27016-21B0-4FBB-B3BD-04AC9888AAF4}.Release|x64.Build.0 = Release|Any CPU
		{55D27016-21B0-4FBB-B3BD-04AC9888AAF4}.Release|x86.ActiveCfg = Release|Any CPU
		{55D27016-21B0-4FBB-B3BD-04AC9888AAF4}.Release|x86.Build.0 = Release|Any CPU
		{EE73B85A-2830-45F7-9F46-45DF85A83ACB}.Debug|Any CPU.ActiveCfg = Debug|Any CPU
		{EE73B85A-2830-45F7-9F46-45DF85A83ACB}.Debug|Any CPU.Build.0 = Debug|Any CPU
		{EE73B85A-2830-45F7-9F46-45DF85A83ACB}.Debug|ARM.ActiveCfg = Debug|Any CPU
		{EE73B85A-2830-45F7-9F46-45DF85A83ACB}.Debug|ARM.Build.0 = Debug|Any CPU
		{EE73B85A-2830-45F7-9F46-45DF85A83ACB}.Debug|ARM64.ActiveCfg = Debug|Any CPU
		{EE73B85A-2830-45F7-9F46-45DF85A83ACB}.Debug|ARM64.Build.0 = Debug|Any CPU
		{EE73B85A-2830-45F7-9F46-45DF85A83ACB}.Debug|iPhone.ActiveCfg = Debug|Any CPU
		{EE73B85A-2830-45F7-9F46-45DF85A83ACB}.Debug|iPhone.Build.0 = Debug|Any CPU
		{EE73B85A-2830-45F7-9F46-45DF85A83ACB}.Debug|iPhoneSimulator.ActiveCfg = Debug|Any CPU
		{EE73B85A-2830-45F7-9F46-45DF85A83ACB}.Debug|iPhoneSimulator.Build.0 = Debug|Any CPU
		{EE73B85A-2830-45F7-9F46-45DF85A83ACB}.Debug|x64.ActiveCfg = Debug|Any CPU
		{EE73B85A-2830-45F7-9F46-45DF85A83ACB}.Debug|x64.Build.0 = Debug|Any CPU
		{EE73B85A-2830-45F7-9F46-45DF85A83ACB}.Debug|x86.ActiveCfg = Debug|Any CPU
		{EE73B85A-2830-45F7-9F46-45DF85A83ACB}.Debug|x86.Build.0 = Debug|Any CPU
		{EE73B85A-2830-45F7-9F46-45DF85A83ACB}.Release|Any CPU.ActiveCfg = Release|Any CPU
		{EE73B85A-2830-45F7-9F46-45DF85A83ACB}.Release|Any CPU.Build.0 = Release|Any CPU
		{EE73B85A-2830-45F7-9F46-45DF85A83ACB}.Release|ARM.ActiveCfg = Release|Any CPU
		{EE73B85A-2830-45F7-9F46-45DF85A83ACB}.Release|ARM.Build.0 = Release|Any CPU
		{EE73B85A-2830-45F7-9F46-45DF85A83ACB}.Release|ARM64.ActiveCfg = Release|Any CPU
		{EE73B85A-2830-45F7-9F46-45DF85A83ACB}.Release|ARM64.Build.0 = Release|Any CPU
		{EE73B85A-2830-45F7-9F46-45DF85A83ACB}.Release|iPhone.ActiveCfg = Release|Any CPU
		{EE73B85A-2830-45F7-9F46-45DF85A83ACB}.Release|iPhone.Build.0 = Release|Any CPU
		{EE73B85A-2830-45F7-9F46-45DF85A83ACB}.Release|iPhoneSimulator.ActiveCfg = Release|Any CPU
		{EE73B85A-2830-45F7-9F46-45DF85A83ACB}.Release|iPhoneSimulator.Build.0 = Release|Any CPU
		{EE73B85A-2830-45F7-9F46-45DF85A83ACB}.Release|x64.ActiveCfg = Release|Any CPU
		{EE73B85A-2830-45F7-9F46-45DF85A83ACB}.Release|x64.Build.0 = Release|Any CPU
		{EE73B85A-2830-45F7-9F46-45DF85A83ACB}.Release|x86.ActiveCfg = Release|Any CPU
		{EE73B85A-2830-45F7-9F46-45DF85A83ACB}.Release|x86.Build.0 = Release|Any CPU
		{8696F230-F2BB-497C-BC93-DC015D81CD5D}.Debug|Any CPU.ActiveCfg = Debug|Any CPU
		{8696F230-F2BB-497C-BC93-DC015D81CD5D}.Debug|Any CPU.Build.0 = Debug|Any CPU
		{8696F230-F2BB-497C-BC93-DC015D81CD5D}.Debug|ARM.ActiveCfg = Debug|Any CPU
		{8696F230-F2BB-497C-BC93-DC015D81CD5D}.Debug|ARM.Build.0 = Debug|Any CPU
		{8696F230-F2BB-497C-BC93-DC015D81CD5D}.Debug|ARM64.ActiveCfg = Debug|Any CPU
		{8696F230-F2BB-497C-BC93-DC015D81CD5D}.Debug|ARM64.Build.0 = Debug|Any CPU
		{8696F230-F2BB-497C-BC93-DC015D81CD5D}.Debug|iPhone.ActiveCfg = Debug|Any CPU
		{8696F230-F2BB-497C-BC93-DC015D81CD5D}.Debug|iPhone.Build.0 = Debug|Any CPU
		{8696F230-F2BB-497C-BC93-DC015D81CD5D}.Debug|iPhoneSimulator.ActiveCfg = Debug|Any CPU
		{8696F230-F2BB-497C-BC93-DC015D81CD5D}.Debug|iPhoneSimulator.Build.0 = Debug|Any CPU
		{8696F230-F2BB-497C-BC93-DC015D81CD5D}.Debug|x64.ActiveCfg = Debug|Any CPU
		{8696F230-F2BB-497C-BC93-DC015D81CD5D}.Debug|x64.Build.0 = Debug|Any CPU
		{8696F230-F2BB-497C-BC93-DC015D81CD5D}.Debug|x86.ActiveCfg = Debug|Any CPU
		{8696F230-F2BB-497C-BC93-DC015D81CD5D}.Debug|x86.Build.0 = Debug|Any CPU
		{8696F230-F2BB-497C-BC93-DC015D81CD5D}.Release|Any CPU.ActiveCfg = Release|Any CPU
		{8696F230-F2BB-497C-BC93-DC015D81CD5D}.Release|Any CPU.Build.0 = Release|Any CPU
		{8696F230-F2BB-497C-BC93-DC015D81CD5D}.Release|ARM.ActiveCfg = Release|Any CPU
		{8696F230-F2BB-497C-BC93-DC015D81CD5D}.Release|ARM.Build.0 = Release|Any CPU
		{8696F230-F2BB-497C-BC93-DC015D81CD5D}.Release|ARM64.ActiveCfg = Release|Any CPU
		{8696F230-F2BB-497C-BC93-DC015D81CD5D}.Release|ARM64.Build.0 = Release|Any CPU
		{8696F230-F2BB-497C-BC93-DC015D81CD5D}.Release|iPhone.ActiveCfg = Release|Any CPU
		{8696F230-F2BB-497C-BC93-DC015D81CD5D}.Release|iPhone.Build.0 = Release|Any CPU
		{8696F230-F2BB-497C-BC93-DC015D81CD5D}.Release|iPhoneSimulator.ActiveCfg = Release|Any CPU
		{8696F230-F2BB-497C-BC93-DC015D81CD5D}.Release|iPhoneSimulator.Build.0 = Release|Any CPU
		{8696F230-F2BB-497C-BC93-DC015D81CD5D}.Release|x64.ActiveCfg = Release|Any CPU
		{8696F230-F2BB-497C-BC93-DC015D81CD5D}.Release|x64.Build.0 = Release|Any CPU
		{8696F230-F2BB-497C-BC93-DC015D81CD5D}.Release|x86.ActiveCfg = Release|Any CPU
		{8696F230-F2BB-497C-BC93-DC015D81CD5D}.Release|x86.Build.0 = Release|Any CPU
		{9F801845-ED34-482D-B30F-DB88F301DFE1}.Debug|Any CPU.ActiveCfg = Debug|Any CPU
		{9F801845-ED34-482D-B30F-DB88F301DFE1}.Debug|Any CPU.Build.0 = Debug|Any CPU
		{9F801845-ED34-482D-B30F-DB88F301DFE1}.Debug|ARM.ActiveCfg = Debug|Any CPU
		{9F801845-ED34-482D-B30F-DB88F301DFE1}.Debug|ARM.Build.0 = Debug|Any CPU
		{9F801845-ED34-482D-B30F-DB88F301DFE1}.Debug|ARM64.ActiveCfg = Debug|Any CPU
		{9F801845-ED34-482D-B30F-DB88F301DFE1}.Debug|ARM64.Build.0 = Debug|Any CPU
		{9F801845-ED34-482D-B30F-DB88F301DFE1}.Debug|iPhone.ActiveCfg = Debug|Any CPU
		{9F801845-ED34-482D-B30F-DB88F301DFE1}.Debug|iPhone.Build.0 = Debug|Any CPU
		{9F801845-ED34-482D-B30F-DB88F301DFE1}.Debug|iPhoneSimulator.ActiveCfg = Debug|Any CPU
		{9F801845-ED34-482D-B30F-DB88F301DFE1}.Debug|iPhoneSimulator.Build.0 = Debug|Any CPU
		{9F801845-ED34-482D-B30F-DB88F301DFE1}.Debug|x64.ActiveCfg = Debug|Any CPU
		{9F801845-ED34-482D-B30F-DB88F301DFE1}.Debug|x64.Build.0 = Debug|Any CPU
		{9F801845-ED34-482D-B30F-DB88F301DFE1}.Debug|x86.ActiveCfg = Debug|Any CPU
		{9F801845-ED34-482D-B30F-DB88F301DFE1}.Debug|x86.Build.0 = Debug|Any CPU
		{9F801845-ED34-482D-B30F-DB88F301DFE1}.Release|Any CPU.ActiveCfg = Release|Any CPU
		{9F801845-ED34-482D-B30F-DB88F301DFE1}.Release|Any CPU.Build.0 = Release|Any CPU
		{9F801845-ED34-482D-B30F-DB88F301DFE1}.Release|ARM.ActiveCfg = Release|Any CPU
		{9F801845-ED34-482D-B30F-DB88F301DFE1}.Release|ARM.Build.0 = Release|Any CPU
		{9F801845-ED34-482D-B30F-DB88F301DFE1}.Release|ARM64.ActiveCfg = Release|Any CPU
		{9F801845-ED34-482D-B30F-DB88F301DFE1}.Release|ARM64.Build.0 = Release|Any CPU
		{9F801845-ED34-482D-B30F-DB88F301DFE1}.Release|iPhone.ActiveCfg = Release|Any CPU
		{9F801845-ED34-482D-B30F-DB88F301DFE1}.Release|iPhone.Build.0 = Release|Any CPU
		{9F801845-ED34-482D-B30F-DB88F301DFE1}.Release|iPhoneSimulator.ActiveCfg = Release|Any CPU
		{9F801845-ED34-482D-B30F-DB88F301DFE1}.Release|iPhoneSimulator.Build.0 = Release|Any CPU
		{9F801845-ED34-482D-B30F-DB88F301DFE1}.Release|x64.ActiveCfg = Release|Any CPU
		{9F801845-ED34-482D-B30F-DB88F301DFE1}.Release|x64.Build.0 = Release|Any CPU
		{9F801845-ED34-482D-B30F-DB88F301DFE1}.Release|x86.ActiveCfg = Release|Any CPU
		{9F801845-ED34-482D-B30F-DB88F301DFE1}.Release|x86.Build.0 = Release|Any CPU
		{36BE95AF-1169-4674-9175-ABAC64883D4C}.Debug|Any CPU.ActiveCfg = Debug|Any CPU
		{36BE95AF-1169-4674-9175-ABAC64883D4C}.Debug|Any CPU.Build.0 = Debug|Any CPU
		{36BE95AF-1169-4674-9175-ABAC64883D4C}.Debug|ARM.ActiveCfg = Debug|Any CPU
		{36BE95AF-1169-4674-9175-ABAC64883D4C}.Debug|ARM.Build.0 = Debug|Any CPU
		{36BE95AF-1169-4674-9175-ABAC64883D4C}.Debug|ARM64.ActiveCfg = Debug|Any CPU
		{36BE95AF-1169-4674-9175-ABAC64883D4C}.Debug|ARM64.Build.0 = Debug|Any CPU
		{36BE95AF-1169-4674-9175-ABAC64883D4C}.Debug|iPhone.ActiveCfg = Debug|Any CPU
		{36BE95AF-1169-4674-9175-ABAC64883D4C}.Debug|iPhone.Build.0 = Debug|Any CPU
		{36BE95AF-1169-4674-9175-ABAC64883D4C}.Debug|iPhoneSimulator.ActiveCfg = Debug|Any CPU
		{36BE95AF-1169-4674-9175-ABAC64883D4C}.Debug|iPhoneSimulator.Build.0 = Debug|Any CPU
		{36BE95AF-1169-4674-9175-ABAC64883D4C}.Debug|x64.ActiveCfg = Debug|Any CPU
		{36BE95AF-1169-4674-9175-ABAC64883D4C}.Debug|x64.Build.0 = Debug|Any CPU
		{36BE95AF-1169-4674-9175-ABAC64883D4C}.Debug|x86.ActiveCfg = Debug|Any CPU
		{36BE95AF-1169-4674-9175-ABAC64883D4C}.Debug|x86.Build.0 = Debug|Any CPU
		{36BE95AF-1169-4674-9175-ABAC64883D4C}.Release|Any CPU.ActiveCfg = Release|Any CPU
		{36BE95AF-1169-4674-9175-ABAC64883D4C}.Release|Any CPU.Build.0 = Release|Any CPU
		{36BE95AF-1169-4674-9175-ABAC64883D4C}.Release|ARM.ActiveCfg = Release|Any CPU
		{36BE95AF-1169-4674-9175-ABAC64883D4C}.Release|ARM.Build.0 = Release|Any CPU
		{36BE95AF-1169-4674-9175-ABAC64883D4C}.Release|ARM64.ActiveCfg = Release|Any CPU
		{36BE95AF-1169-4674-9175-ABAC64883D4C}.Release|ARM64.Build.0 = Release|Any CPU
		{36BE95AF-1169-4674-9175-ABAC64883D4C}.Release|iPhone.ActiveCfg = Release|Any CPU
		{36BE95AF-1169-4674-9175-ABAC64883D4C}.Release|iPhone.Build.0 = Release|Any CPU
		{36BE95AF-1169-4674-9175-ABAC64883D4C}.Release|iPhoneSimulator.ActiveCfg = Release|Any CPU
		{36BE95AF-1169-4674-9175-ABAC64883D4C}.Release|iPhoneSimulator.Build.0 = Release|Any CPU
		{36BE95AF-1169-4674-9175-ABAC64883D4C}.Release|x64.ActiveCfg = Release|Any CPU
		{36BE95AF-1169-4674-9175-ABAC64883D4C}.Release|x64.Build.0 = Release|Any CPU
		{36BE95AF-1169-4674-9175-ABAC64883D4C}.Release|x86.ActiveCfg = Release|Any CPU
		{36BE95AF-1169-4674-9175-ABAC64883D4C}.Release|x86.Build.0 = Release|Any CPU
		{81DBCFBF-6C53-43CC-9345-A8E0008FE21E}.Debug|Any CPU.ActiveCfg = Debug|Any CPU
		{81DBCFBF-6C53-43CC-9345-A8E0008FE21E}.Debug|Any CPU.Build.0 = Debug|Any CPU
		{81DBCFBF-6C53-43CC-9345-A8E0008FE21E}.Debug|ARM.ActiveCfg = Debug|Any CPU
		{81DBCFBF-6C53-43CC-9345-A8E0008FE21E}.Debug|ARM.Build.0 = Debug|Any CPU
		{81DBCFBF-6C53-43CC-9345-A8E0008FE21E}.Debug|ARM64.ActiveCfg = Debug|Any CPU
		{81DBCFBF-6C53-43CC-9345-A8E0008FE21E}.Debug|ARM64.Build.0 = Debug|Any CPU
		{81DBCFBF-6C53-43CC-9345-A8E0008FE21E}.Debug|iPhone.ActiveCfg = Debug|Any CPU
		{81DBCFBF-6C53-43CC-9345-A8E0008FE21E}.Debug|iPhone.Build.0 = Debug|Any CPU
		{81DBCFBF-6C53-43CC-9345-A8E0008FE21E}.Debug|iPhoneSimulator.ActiveCfg = Debug|Any CPU
		{81DBCFBF-6C53-43CC-9345-A8E0008FE21E}.Debug|iPhoneSimulator.Build.0 = Debug|Any CPU
		{81DBCFBF-6C53-43CC-9345-A8E0008FE21E}.Debug|x64.ActiveCfg = Debug|Any CPU
		{81DBCFBF-6C53-43CC-9345-A8E0008FE21E}.Debug|x64.Build.0 = Debug|Any CPU
		{81DBCFBF-6C53-43CC-9345-A8E0008FE21E}.Debug|x86.ActiveCfg = Debug|Any CPU
		{81DBCFBF-6C53-43CC-9345-A8E0008FE21E}.Debug|x86.Build.0 = Debug|Any CPU
		{81DBCFBF-6C53-43CC-9345-A8E0008FE21E}.Release|Any CPU.ActiveCfg = Release|Any CPU
		{81DBCFBF-6C53-43CC-9345-A8E0008FE21E}.Release|Any CPU.Build.0 = Release|Any CPU
		{81DBCFBF-6C53-43CC-9345-A8E0008FE21E}.Release|ARM.ActiveCfg = Release|Any CPU
		{81DBCFBF-6C53-43CC-9345-A8E0008FE21E}.Release|ARM.Build.0 = Release|Any CPU
		{81DBCFBF-6C53-43CC-9345-A8E0008FE21E}.Release|ARM64.ActiveCfg = Release|Any CPU
		{81DBCFBF-6C53-43CC-9345-A8E0008FE21E}.Release|ARM64.Build.0 = Release|Any CPU
		{81DBCFBF-6C53-43CC-9345-A8E0008FE21E}.Release|iPhone.ActiveCfg = Release|Any CPU
		{81DBCFBF-6C53-43CC-9345-A8E0008FE21E}.Release|iPhone.Build.0 = Release|Any CPU
		{81DBCFBF-6C53-43CC-9345-A8E0008FE21E}.Release|iPhoneSimulator.ActiveCfg = Release|Any CPU
		{81DBCFBF-6C53-43CC-9345-A8E0008FE21E}.Release|iPhoneSimulator.Build.0 = Release|Any CPU
		{81DBCFBF-6C53-43CC-9345-A8E0008FE21E}.Release|x64.ActiveCfg = Release|Any CPU
		{81DBCFBF-6C53-43CC-9345-A8E0008FE21E}.Release|x64.Build.0 = Release|Any CPU
		{81DBCFBF-6C53-43CC-9345-A8E0008FE21E}.Release|x86.ActiveCfg = Release|Any CPU
		{81DBCFBF-6C53-43CC-9345-A8E0008FE21E}.Release|x86.Build.0 = Release|Any CPU
		{4B53B3C3-10B6-4E4B-ABD0-83F1EE5550C6}.Debug|Any CPU.ActiveCfg = Debug|x86
		{4B53B3C3-10B6-4E4B-ABD0-83F1EE5550C6}.Debug|ARM.ActiveCfg = Debug|ARM
		{4B53B3C3-10B6-4E4B-ABD0-83F1EE5550C6}.Debug|ARM.Build.0 = Debug|ARM
		{4B53B3C3-10B6-4E4B-ABD0-83F1EE5550C6}.Debug|ARM.Deploy.0 = Debug|ARM
		{4B53B3C3-10B6-4E4B-ABD0-83F1EE5550C6}.Debug|ARM64.ActiveCfg = Debug|x86
		{4B53B3C3-10B6-4E4B-ABD0-83F1EE5550C6}.Debug|iPhone.ActiveCfg = Debug|x86
		{4B53B3C3-10B6-4E4B-ABD0-83F1EE5550C6}.Debug|iPhoneSimulator.ActiveCfg = Debug|x86
		{4B53B3C3-10B6-4E4B-ABD0-83F1EE5550C6}.Debug|x64.ActiveCfg = Debug|x64
		{4B53B3C3-10B6-4E4B-ABD0-83F1EE5550C6}.Debug|x64.Build.0 = Debug|x64
		{4B53B3C3-10B6-4E4B-ABD0-83F1EE5550C6}.Debug|x64.Deploy.0 = Debug|x64
		{4B53B3C3-10B6-4E4B-ABD0-83F1EE5550C6}.Debug|x86.ActiveCfg = Debug|x86
		{4B53B3C3-10B6-4E4B-ABD0-83F1EE5550C6}.Debug|x86.Build.0 = Debug|x86
		{4B53B3C3-10B6-4E4B-ABD0-83F1EE5550C6}.Debug|x86.Deploy.0 = Debug|x86
		{4B53B3C3-10B6-4E4B-ABD0-83F1EE5550C6}.Release|Any CPU.ActiveCfg = Release|x86
		{4B53B3C3-10B6-4E4B-ABD0-83F1EE5550C6}.Release|ARM.ActiveCfg = Release|ARM
		{4B53B3C3-10B6-4E4B-ABD0-83F1EE5550C6}.Release|ARM.Build.0 = Release|ARM
		{4B53B3C3-10B6-4E4B-ABD0-83F1EE5550C6}.Release|ARM.Deploy.0 = Release|ARM
		{4B53B3C3-10B6-4E4B-ABD0-83F1EE5550C6}.Release|ARM64.ActiveCfg = Release|x86
		{4B53B3C3-10B6-4E4B-ABD0-83F1EE5550C6}.Release|iPhone.ActiveCfg = Release|x86
		{4B53B3C3-10B6-4E4B-ABD0-83F1EE5550C6}.Release|iPhoneSimulator.ActiveCfg = Release|x86
		{4B53B3C3-10B6-4E4B-ABD0-83F1EE5550C6}.Release|x64.ActiveCfg = Release|x64
		{4B53B3C3-10B6-4E4B-ABD0-83F1EE5550C6}.Release|x64.Build.0 = Release|x64
		{4B53B3C3-10B6-4E4B-ABD0-83F1EE5550C6}.Release|x64.Deploy.0 = Release|x64
		{4B53B3C3-10B6-4E4B-ABD0-83F1EE5550C6}.Release|x86.ActiveCfg = Release|x86
		{4B53B3C3-10B6-4E4B-ABD0-83F1EE5550C6}.Release|x86.Build.0 = Release|x86
		{4B53B3C3-10B6-4E4B-ABD0-83F1EE5550C6}.Release|x86.Deploy.0 = Release|x86
		{42ED2C65-B533-40A1-BDC9-77440A7B4433}.Debug|Any CPU.ActiveCfg = Debug|Any CPU
		{42ED2C65-B533-40A1-BDC9-77440A7B4433}.Debug|Any CPU.Build.0 = Debug|Any CPU
		{42ED2C65-B533-40A1-BDC9-77440A7B4433}.Debug|Any CPU.Deploy.0 = Debug|Any CPU
		{42ED2C65-B533-40A1-BDC9-77440A7B4433}.Debug|ARM.ActiveCfg = Debug|Any CPU
		{42ED2C65-B533-40A1-BDC9-77440A7B4433}.Debug|ARM.Build.0 = Debug|Any CPU
		{42ED2C65-B533-40A1-BDC9-77440A7B4433}.Debug|ARM.Deploy.0 = Debug|Any CPU
		{42ED2C65-B533-40A1-BDC9-77440A7B4433}.Debug|ARM64.ActiveCfg = Debug|Any CPU
		{42ED2C65-B533-40A1-BDC9-77440A7B4433}.Debug|ARM64.Build.0 = Debug|Any CPU
		{42ED2C65-B533-40A1-BDC9-77440A7B4433}.Debug|ARM64.Deploy.0 = Debug|Any CPU
		{42ED2C65-B533-40A1-BDC9-77440A7B4433}.Debug|iPhone.ActiveCfg = Debug|Any CPU
		{42ED2C65-B533-40A1-BDC9-77440A7B4433}.Debug|iPhone.Build.0 = Debug|Any CPU
		{42ED2C65-B533-40A1-BDC9-77440A7B4433}.Debug|iPhone.Deploy.0 = Debug|Any CPU
		{42ED2C65-B533-40A1-BDC9-77440A7B4433}.Debug|iPhoneSimulator.ActiveCfg = Debug|Any CPU
		{42ED2C65-B533-40A1-BDC9-77440A7B4433}.Debug|iPhoneSimulator.Build.0 = Debug|Any CPU
		{42ED2C65-B533-40A1-BDC9-77440A7B4433}.Debug|iPhoneSimulator.Deploy.0 = Debug|Any CPU
		{42ED2C65-B533-40A1-BDC9-77440A7B4433}.Debug|x64.ActiveCfg = Debug|Any CPU
		{42ED2C65-B533-40A1-BDC9-77440A7B4433}.Debug|x64.Build.0 = Debug|Any CPU
		{42ED2C65-B533-40A1-BDC9-77440A7B4433}.Debug|x64.Deploy.0 = Debug|Any CPU
		{42ED2C65-B533-40A1-BDC9-77440A7B4433}.Debug|x86.ActiveCfg = Debug|Any CPU
		{42ED2C65-B533-40A1-BDC9-77440A7B4433}.Debug|x86.Build.0 = Debug|Any CPU
		{42ED2C65-B533-40A1-BDC9-77440A7B4433}.Debug|x86.Deploy.0 = Debug|Any CPU
		{42ED2C65-B533-40A1-BDC9-77440A7B4433}.Release|Any CPU.ActiveCfg = Release|Any CPU
		{42ED2C65-B533-40A1-BDC9-77440A7B4433}.Release|Any CPU.Build.0 = Release|Any CPU
		{42ED2C65-B533-40A1-BDC9-77440A7B4433}.Release|Any CPU.Deploy.0 = Release|Any CPU
		{42ED2C65-B533-40A1-BDC9-77440A7B4433}.Release|ARM.ActiveCfg = Release|Any CPU
		{42ED2C65-B533-40A1-BDC9-77440A7B4433}.Release|ARM.Build.0 = Release|Any CPU
		{42ED2C65-B533-40A1-BDC9-77440A7B4433}.Release|ARM.Deploy.0 = Release|Any CPU
		{42ED2C65-B533-40A1-BDC9-77440A7B4433}.Release|ARM64.ActiveCfg = Release|Any CPU
		{42ED2C65-B533-40A1-BDC9-77440A7B4433}.Release|ARM64.Build.0 = Release|Any CPU
		{42ED2C65-B533-40A1-BDC9-77440A7B4433}.Release|ARM64.Deploy.0 = Release|Any CPU
		{42ED2C65-B533-40A1-BDC9-77440A7B4433}.Release|iPhone.ActiveCfg = Release|Any CPU
		{42ED2C65-B533-40A1-BDC9-77440A7B4433}.Release|iPhone.Build.0 = Release|Any CPU
		{42ED2C65-B533-40A1-BDC9-77440A7B4433}.Release|iPhone.Deploy.0 = Release|Any CPU
		{42ED2C65-B533-40A1-BDC9-77440A7B4433}.Release|iPhoneSimulator.ActiveCfg = Release|Any CPU
		{42ED2C65-B533-40A1-BDC9-77440A7B4433}.Release|iPhoneSimulator.Build.0 = Release|Any CPU
		{42ED2C65-B533-40A1-BDC9-77440A7B4433}.Release|iPhoneSimulator.Deploy.0 = Release|Any CPU
		{42ED2C65-B533-40A1-BDC9-77440A7B4433}.Release|x64.ActiveCfg = Release|Any CPU
		{42ED2C65-B533-40A1-BDC9-77440A7B4433}.Release|x64.Build.0 = Release|Any CPU
		{42ED2C65-B533-40A1-BDC9-77440A7B4433}.Release|x64.Deploy.0 = Release|Any CPU
		{42ED2C65-B533-40A1-BDC9-77440A7B4433}.Release|x86.ActiveCfg = Release|Any CPU
		{42ED2C65-B533-40A1-BDC9-77440A7B4433}.Release|x86.Build.0 = Release|Any CPU
		{42ED2C65-B533-40A1-BDC9-77440A7B4433}.Release|x86.Deploy.0 = Release|Any CPU
		{A7E897D6-73A6-4FB4-908A-05A0DD505104}.Debug|Any CPU.ActiveCfg = Debug|iPhone
		{A7E897D6-73A6-4FB4-908A-05A0DD505104}.Debug|ARM.ActiveCfg = Debug|iPhone
		{A7E897D6-73A6-4FB4-908A-05A0DD505104}.Debug|ARM64.ActiveCfg = Debug|iPhoneSimulator
		{A7E897D6-73A6-4FB4-908A-05A0DD505104}.Debug|iPhone.ActiveCfg = Debug|iPhone
		{A7E897D6-73A6-4FB4-908A-05A0DD505104}.Debug|iPhone.Build.0 = Debug|iPhone
		{A7E897D6-73A6-4FB4-908A-05A0DD505104}.Debug|iPhoneSimulator.ActiveCfg = Debug|iPhoneSimulator
		{A7E897D6-73A6-4FB4-908A-05A0DD505104}.Debug|iPhoneSimulator.Build.0 = Debug|iPhoneSimulator
		{A7E897D6-73A6-4FB4-908A-05A0DD505104}.Debug|x64.ActiveCfg = Debug|iPhone
		{A7E897D6-73A6-4FB4-908A-05A0DD505104}.Debug|x86.ActiveCfg = Debug|iPhone
		{A7E897D6-73A6-4FB4-908A-05A0DD505104}.Release|Any CPU.ActiveCfg = Release|iPhone
		{A7E897D6-73A6-4FB4-908A-05A0DD505104}.Release|ARM.ActiveCfg = Release|iPhone
		{A7E897D6-73A6-4FB4-908A-05A0DD505104}.Release|ARM64.ActiveCfg = Release|iPhoneSimulator
		{A7E897D6-73A6-4FB4-908A-05A0DD505104}.Release|iPhone.ActiveCfg = Release|iPhone
		{A7E897D6-73A6-4FB4-908A-05A0DD505104}.Release|iPhone.Build.0 = Release|iPhone
		{A7E897D6-73A6-4FB4-908A-05A0DD505104}.Release|iPhoneSimulator.ActiveCfg = Release|iPhoneSimulator
		{A7E897D6-73A6-4FB4-908A-05A0DD505104}.Release|iPhoneSimulator.Build.0 = Release|iPhoneSimulator
		{A7E897D6-73A6-4FB4-908A-05A0DD505104}.Release|x64.ActiveCfg = Release|iPhone
		{A7E897D6-73A6-4FB4-908A-05A0DD505104}.Release|x86.ActiveCfg = Release|iPhone
		{5D22D76F-DB97-4563-9BF5-E278C311BEBC}.Debug|Any CPU.ActiveCfg = Debug|Any CPU
		{5D22D76F-DB97-4563-9BF5-E278C311BEBC}.Debug|Any CPU.Build.0 = Debug|Any CPU
		{5D22D76F-DB97-4563-9BF5-E278C311BEBC}.Debug|ARM.ActiveCfg = Debug|Any CPU
		{5D22D76F-DB97-4563-9BF5-E278C311BEBC}.Debug|ARM.Build.0 = Debug|Any CPU
		{5D22D76F-DB97-4563-9BF5-E278C311BEBC}.Debug|ARM64.ActiveCfg = Debug|Any CPU
		{5D22D76F-DB97-4563-9BF5-E278C311BEBC}.Debug|ARM64.Build.0 = Debug|Any CPU
		{5D22D76F-DB97-4563-9BF5-E278C311BEBC}.Debug|iPhone.ActiveCfg = Debug|Any CPU
		{5D22D76F-DB97-4563-9BF5-E278C311BEBC}.Debug|iPhone.Build.0 = Debug|Any CPU
		{5D22D76F-DB97-4563-9BF5-E278C311BEBC}.Debug|iPhoneSimulator.ActiveCfg = Debug|Any CPU
		{5D22D76F-DB97-4563-9BF5-E278C311BEBC}.Debug|iPhoneSimulator.Build.0 = Debug|Any CPU
		{5D22D76F-DB97-4563-9BF5-E278C311BEBC}.Debug|x64.ActiveCfg = Debug|Any CPU
		{5D22D76F-DB97-4563-9BF5-E278C311BEBC}.Debug|x64.Build.0 = Debug|Any CPU
		{5D22D76F-DB97-4563-9BF5-E278C311BEBC}.Debug|x86.ActiveCfg = Debug|Any CPU
		{5D22D76F-DB97-4563-9BF5-E278C311BEBC}.Debug|x86.Build.0 = Debug|Any CPU
		{5D22D76F-DB97-4563-9BF5-E278C311BEBC}.Release|Any CPU.ActiveCfg = Release|Any CPU
		{5D22D76F-DB97-4563-9BF5-E278C311BEBC}.Release|Any CPU.Build.0 = Release|Any CPU
		{5D22D76F-DB97-4563-9BF5-E278C311BEBC}.Release|ARM.ActiveCfg = Release|Any CPU
		{5D22D76F-DB97-4563-9BF5-E278C311BEBC}.Release|ARM.Build.0 = Release|Any CPU
		{5D22D76F-DB97-4563-9BF5-E278C311BEBC}.Release|ARM64.ActiveCfg = Release|Any CPU
		{5D22D76F-DB97-4563-9BF5-E278C311BEBC}.Release|ARM64.Build.0 = Release|Any CPU
		{5D22D76F-DB97-4563-9BF5-E278C311BEBC}.Release|iPhone.ActiveCfg = Release|Any CPU
		{5D22D76F-DB97-4563-9BF5-E278C311BEBC}.Release|iPhone.Build.0 = Release|Any CPU
		{5D22D76F-DB97-4563-9BF5-E278C311BEBC}.Release|iPhoneSimulator.ActiveCfg = Release|Any CPU
		{5D22D76F-DB97-4563-9BF5-E278C311BEBC}.Release|iPhoneSimulator.Build.0 = Release|Any CPU
		{5D22D76F-DB97-4563-9BF5-E278C311BEBC}.Release|x64.ActiveCfg = Release|Any CPU
		{5D22D76F-DB97-4563-9BF5-E278C311BEBC}.Release|x64.Build.0 = Release|Any CPU
		{5D22D76F-DB97-4563-9BF5-E278C311BEBC}.Release|x86.ActiveCfg = Release|Any CPU
		{5D22D76F-DB97-4563-9BF5-E278C311BEBC}.Release|x86.Build.0 = Release|Any CPU
		{3E0BC677-E671-488A-B025-4E53FA4D5B01}.Debug|Any CPU.ActiveCfg = Debug|x86
		{3E0BC677-E671-488A-B025-4E53FA4D5B01}.Debug|ARM.ActiveCfg = Debug|ARM
		{3E0BC677-E671-488A-B025-4E53FA4D5B01}.Debug|ARM.Build.0 = Debug|ARM
		{3E0BC677-E671-488A-B025-4E53FA4D5B01}.Debug|ARM.Deploy.0 = Debug|ARM
		{3E0BC677-E671-488A-B025-4E53FA4D5B01}.Debug|ARM64.ActiveCfg = Debug|ARM64
		{3E0BC677-E671-488A-B025-4E53FA4D5B01}.Debug|ARM64.Build.0 = Debug|ARM64
		{3E0BC677-E671-488A-B025-4E53FA4D5B01}.Debug|ARM64.Deploy.0 = Debug|ARM64
		{3E0BC677-E671-488A-B025-4E53FA4D5B01}.Debug|iPhone.ActiveCfg = Debug|x86
		{3E0BC677-E671-488A-B025-4E53FA4D5B01}.Debug|iPhoneSimulator.ActiveCfg = Debug|x86
		{3E0BC677-E671-488A-B025-4E53FA4D5B01}.Debug|x64.ActiveCfg = Debug|x64
		{3E0BC677-E671-488A-B025-4E53FA4D5B01}.Debug|x64.Build.0 = Debug|x64
		{3E0BC677-E671-488A-B025-4E53FA4D5B01}.Debug|x64.Deploy.0 = Debug|x64
		{3E0BC677-E671-488A-B025-4E53FA4D5B01}.Debug|x86.ActiveCfg = Debug|x86
		{3E0BC677-E671-488A-B025-4E53FA4D5B01}.Debug|x86.Build.0 = Debug|x86
		{3E0BC677-E671-488A-B025-4E53FA4D5B01}.Debug|x86.Deploy.0 = Debug|x86
		{3E0BC677-E671-488A-B025-4E53FA4D5B01}.Release|Any CPU.ActiveCfg = Release|x86
		{3E0BC677-E671-488A-B025-4E53FA4D5B01}.Release|ARM.ActiveCfg = Release|ARM
		{3E0BC677-E671-488A-B025-4E53FA4D5B01}.Release|ARM.Build.0 = Release|ARM
		{3E0BC677-E671-488A-B025-4E53FA4D5B01}.Release|ARM.Deploy.0 = Release|ARM
		{3E0BC677-E671-488A-B025-4E53FA4D5B01}.Release|ARM64.ActiveCfg = Release|ARM64
		{3E0BC677-E671-488A-B025-4E53FA4D5B01}.Release|ARM64.Build.0 = Release|ARM64
		{3E0BC677-E671-488A-B025-4E53FA4D5B01}.Release|ARM64.Deploy.0 = Release|ARM64
		{3E0BC677-E671-488A-B025-4E53FA4D5B01}.Release|iPhone.ActiveCfg = Release|x86
		{3E0BC677-E671-488A-B025-4E53FA4D5B01}.Release|iPhoneSimulator.ActiveCfg = Release|x86
		{3E0BC677-E671-488A-B025-4E53FA4D5B01}.Release|x64.ActiveCfg = Release|x64
		{3E0BC677-E671-488A-B025-4E53FA4D5B01}.Release|x64.Build.0 = Release|x64
		{3E0BC677-E671-488A-B025-4E53FA4D5B01}.Release|x64.Deploy.0 = Release|x64
		{3E0BC677-E671-488A-B025-4E53FA4D5B01}.Release|x86.ActiveCfg = Release|x86
		{3E0BC677-E671-488A-B025-4E53FA4D5B01}.Release|x86.Build.0 = Release|x86
		{3E0BC677-E671-488A-B025-4E53FA4D5B01}.Release|x86.Deploy.0 = Release|x86
	EndGlobalSection
	GlobalSection(SolutionProperties) = preSolution
		HideSolutionNode = FALSE
	EndGlobalSection
	GlobalSection(ExtensibilityGlobals) = postSolution
		SolutionGuid = {8D317814-1741-4805-886E-0835286474C2}
	EndGlobalSection
EndGlobal
